
Microsoft Visual Studio Solution File, Format Version 12.00
# Visual Studio Version 16
VisualStudioVersion = 16.0.29009.5
MinimumVisualStudioVersion = 10.0.40219.1
Project("{F184B08F-C81C-45F6-A57F-5ABD9991F28F}") = "XPCLogoAnimation", "XPCLogoAnimation.vbproj", "{5E812CFD-A9FC-4D9A-BB0A-C506895BA7F7}"
EndProject
Global
	GlobalSection(SolutionConfigurationPlatforms) = preSolution
		Debug|Any CPU = Debug|Any CPU
		Release|Any CPU = Release|Any CPU
	EndGlobalSection
	GlobalSection(ProjectConfigurationPlatforms) = postSolution
		{5E812CFD-A9FC-4D9A-BB0A-C506895BA7F7}.Debug|Any CPU.ActiveCfg = Debug|Any CPU
		{5E812CFD-A9FC-4D9A-BB0A-C506895BA7F7}.Debug|Any CPU.Build.0 = Debug|Any CPU
		{5E812CFD-A9FC-4D9A-BB0A-C506895BA7F7}.Release|Any CPU.ActiveCfg = Release|Any CPU
		{5E812CFD-A9FC-4D9A-BB0A-C506895BA7F7}.Release|Any CPU.Build.0 = Release|Any CPU
	EndGlobalSection
	GlobalSection(SolutionProperties) = preSolution
		HideSolutionNode = FALSE
	EndGlobalSection
	GlobalSection(ExtensibilityGlobals) = postSolution
		SolutionGuid = {0113676C-9E7C-4B4D-915E-2EC752B3CB53}
	EndGlobalSection
EndGlobal
